
Microsoft Visual Studio Solution File, Format Version 12.00
# Visual Studio Version 16
VisualStudioVersion = 16.0.29326.143
MinimumVisualStudioVersion = 10.0.40219.1
Project("{FAE04EC0-301F-11D3-BF4B-00C04F79EFBC}") = "TimusSokoban", "TimusSokoban\TimusSokoban.csproj", "{6505D301-8B2D-46AC-B55B-635DC77D17A1}"
EndProject
Global
	GlobalSection(SolutionConfigurationPlatforms) = preSolution
		Debug|Any CPU = Debug|Any CPU
		Release|Any CPU = Release|Any CPU
	EndGlobalSection
	GlobalSection(ProjectConfigurationPlatforms) = postSolution
		{6505D301-8B2D-46AC-B55B-635DC77D17A1}.Debug|Any CPU.ActiveCfg = Debug|Any CPU
		{6505D301-8B2D-46AC-B55B-635DC77D17A1}.Debug|Any CPU.Build.0 = Debug|Any CPU
		{6505D301-8B2D-46AC-B55B-635DC77D17A1}.Release|Any CPU.ActiveCfg = Release|Any CPU
		{6505D301-8B2D-46AC-B55B-635DC77D17A1}.Release|Any CPU.Build.0 = Release|Any CPU
	EndGlobalSection
	GlobalSection(SolutionProperties) = preSolution
		HideSolutionNode = FALSE
	EndGlobalSection
	GlobalSection(ExtensibilityGlobals) = postSolution
		SolutionGuid = {A283DDAB-9496-4032-821F-3DD7BB7B11E3}
	EndGlobalSection
EndGlobal
